
Microsoft Visual Studio Solution File, Format Version 12.00
# Visual Studio Version 16
VisualStudioVersion = 16.0.31911.196
MinimumVisualStudioVersion = 10.0.40219.1
Project("{FAE04EC0-301F-11D3-BF4B-00C04F79EFBC}") = "login_in", "login_in\login_in.csproj", "{28530279-3777-4EB3-AE74-7958DD550AF9}"
EndProject
Project("{FAE04EC0-301F-11D3-BF4B-00C04F79EFBC}") = "test", "test\test.csproj", "{79C22F78-3F09-4AD1-A31C-B58CDEDDDB71}"
EndProject
Global
	GlobalSection(SolutionConfigurationPlatforms) = preSolution
		Debug|Any CPU = Debug|Any CPU
		Release|Any CPU = Release|Any CPU
	EndGlobalSection
	GlobalSection(ProjectConfigurationPlatforms) = postSolution
		{28530279-3777-4EB3-AE74-7958DD550AF9}.Debug|Any CPU.ActiveCfg = Debug|Any CPU
		{28530279-3777-4EB3-AE74-7958DD550AF9}.Debug|Any CPU.Build.0 = Debug|Any CPU
		{28530279-3777-4EB3-AE74-7958DD550AF9}.Release|Any CPU.ActiveCfg = Release|Any CPU
		{28530279-3777-4EB3-AE74-7958DD550AF9}.Release|Any CPU.Build.0 = Release|Any CPU
		{79C22F78-3F09-4AD1-A31C-B58CDEDDDB71}.Debug|Any CPU.ActiveCfg = Debug|Any CPU
		{79C22F78-3F09-4AD1-A31C-B58CDEDDDB71}.Debug|Any CPU.Build.0 = Debug|Any CPU
		{79C22F78-3F09-4AD1-A31C-B58CDEDDDB71}.Release|Any CPU.ActiveCfg = Release|Any CPU
		{79C22F78-3F09-4AD1-A31C-B58CDEDDDB71}.Release|Any CPU.Build.0 = Release|Any CPU
	EndGlobalSection
	GlobalSection(SolutionProperties) = preSolution
		HideSolutionNode = FALSE
	EndGlobalSection
	GlobalSection(ExtensibilityGlobals) = postSolution
		SolutionGuid = {8A3CC21C-E69B-4F2B-B5CA-2652071676E0}
	EndGlobalSection
EndGlobal
